
Microsoft Visual Studio Solution File, Format Version 12.00
Project("{FAE04EC0-301F-11D3-BF4B-00C04F79EFBC}") = "SystemMonitor", "SystemMonitor\SystemMonitor.csproj", "{121D3879-EF9C-471A-8665-870EEF2E5A10}"
EndProject
Global
	GlobalSection(SolutionConfigurationPlatforms) = preSolution
		Debug|Any CPU = Debug|Any CPU
		Release|Any CPU = Release|Any CPU
	EndGlobalSection
	GlobalSection(ProjectConfigurationPlatforms) = postSolution
		{121D3879-EF9C-471A-8665-870EEF2E5A10}.Debug|Any CPU.ActiveCfg = Debug|Any CPU
		{121D3879-EF9C-471A-8665-870EEF2E5A10}.Debug|Any CPU.Build.0 = Debug|Any CPU
		{121D3879-EF9C-471A-8665-870EEF2E5A10}.Release|Any CPU.ActiveCfg = Release|Any CPU
		{121D3879-EF9C-471A-8665-870EEF2E5A10}.Release|Any CPU.Build.0 = Release|Any CPU
	EndGlobalSection
EndGlobal
